
Microsoft Visual Studio Solution File, Format Version 12.00
# Visual Studio Version 16
VisualStudioVersion = 16.0.30413.136
MinimumVisualStudioVersion = 10.0.40219.1
Project("{FAE04EC0-301F-11D3-BF4B-00C04F79EFBC}") = "Priklad10", "Priklad10\Priklad10.csproj", "{C6572E63-679F-4BB7-86C6-EA04F2B44D73}"
EndProject
Global
	GlobalSection(SolutionConfigurationPlatforms) = preSolution
		Debug|Any CPU = Debug|Any CPU
		Release|Any CPU = Release|Any CPU
	EndGlobalSection
	GlobalSection(ProjectConfigurationPlatforms) = postSolution
		{C6572E63-679F-4BB7-86C6-EA04F2B44D73}.Debug|Any CPU.ActiveCfg = Debug|Any CPU
		{C6572E63-679F-4BB7-86C6-EA04F2B44D73}.Debug|Any CPU.Build.0 = Debug|Any CPU
		{C6572E63-679F-4BB7-86C6-EA04F2B44D73}.Release|Any CPU.ActiveCfg = Release|Any CPU
		{C6572E63-679F-4BB7-86C6-EA04F2B44D73}.Release|Any CPU.Build.0 = Release|Any CPU
	EndGlobalSection
	GlobalSection(SolutionProperties) = preSolution
		HideSolutionNode = FALSE
	EndGlobalSection
	GlobalSection(ExtensibilityGlobals) = postSolution
		SolutionGuid = {B604EE52-EB50-40CB-AD42-FCB09E1D94FB}
	EndGlobalSection
EndGlobal
